
Microsoft Visual Studio Solution File, Format Version 12.00
# Visual Studio Version 16
VisualStudioVersion = 16.0.29806.167
MinimumVisualStudioVersion = 10.0.40219.1
Project("{FAE04EC0-301F-11D3-BF4B-00C04F79EFBC}") = "At Yarisi", "At Yarisi\At Yarisi.csproj", "{62D594D1-E842-4939-9E89-497E804BB6FF}"
EndProject
Global
	GlobalSection(SolutionConfigurationPlatforms) = preSolution
		Debug|Any CPU = Debug|Any CPU
		Release|Any CPU = Release|Any CPU
	EndGlobalSection
	GlobalSection(ProjectConfigurationPlatforms) = postSolution
		{62D594D1-E842-4939-9E89-497E804BB6FF}.Debug|Any CPU.ActiveCfg = Debug|Any CPU
		{62D594D1-E842-4939-9E89-497E804BB6FF}.Debug|Any CPU.Build.0 = Debug|Any CPU
		{62D594D1-E842-4939-9E89-497E804BB6FF}.Release|Any CPU.ActiveCfg = Release|Any CPU
		{62D594D1-E842-4939-9E89-497E804BB6FF}.Release|Any CPU.Build.0 = Release|Any CPU
	EndGlobalSection
	GlobalSection(SolutionProperties) = preSolution
		HideSolutionNode = FALSE
	EndGlobalSection
	GlobalSection(ExtensibilityGlobals) = postSolution
		SolutionGuid = {51914906-1A95-476C-956B-DECDC9F1E383}
	EndGlobalSection
EndGlobal
